
Microsoft Visual Studio Solution File, Format Version 12.00
# Visual Studio Version 17
VisualStudioVersion = 17.9.34607.119
MinimumVisualStudioVersion = 10.0.40219.1
Project("{FAE04EC0-301F-11D3-BF4B-00C04F79EFBC}") = "TodolistAPI_CRUD", "TodolistAPI_CRUD\TodolistAPI_CRUD.csproj", "{C2D6B4DE-9278-4C1E-A186-649A18FCCBF3}"
EndProject
Global
	GlobalSection(SolutionConfigurationPlatforms) = preSolution
		Debug|Any CPU = Debug|Any CPU
		Release|Any CPU = Release|Any CPU
	EndGlobalSection
	GlobalSection(ProjectConfigurationPlatforms) = postSolution
		{C2D6B4DE-9278-4C1E-A186-649A18FCCBF3}.Debug|Any CPU.ActiveCfg = Debug|Any CPU
		{C2D6B4DE-9278-4C1E-A186-649A18FCCBF3}.Debug|Any CPU.Build.0 = Debug|Any CPU
		{C2D6B4DE-9278-4C1E-A186-649A18FCCBF3}.Release|Any CPU.ActiveCfg = Release|Any CPU
		{C2D6B4DE-9278-4C1E-A186-649A18FCCBF3}.Release|Any CPU.Build.0 = Release|Any CPU
	EndGlobalSection
	GlobalSection(SolutionProperties) = preSolution
		HideSolutionNode = FALSE
	EndGlobalSection
	GlobalSection(ExtensibilityGlobals) = postSolution
		SolutionGuid = {10470939-9189-4561-A026-61B3BB3081B5}
	EndGlobalSection
EndGlobal
